
Microsoft Visual Studio Solution File, Format Version 12.00
Project("{FAE04EC0-301F-11D3-BF4B-00C04F79EFBC}") = "S2", "S2\S2.csproj", "{9A042117-CA5A-4C22-B228-BA0217A424CA}"
EndProject
Global
	GlobalSection(SolutionConfigurationPlatforms) = preSolution
		Debug|Any CPU = Debug|Any CPU
		Release|Any CPU = Release|Any CPU
	EndGlobalSection
	GlobalSection(ProjectConfigurationPlatforms) = postSolution
		{9A042117-CA5A-4C22-B228-BA0217A424CA}.Debug|Any CPU.ActiveCfg = Debug|Any CPU
		{9A042117-CA5A-4C22-B228-BA0217A424CA}.Debug|Any CPU.Build.0 = Debug|Any CPU
		{9A042117-CA5A-4C22-B228-BA0217A424CA}.Release|Any CPU.ActiveCfg = Release|Any CPU
		{9A042117-CA5A-4C22-B228-BA0217A424CA}.Release|Any CPU.Build.0 = Release|Any CPU
	EndGlobalSection
EndGlobal
